
Microsoft Visual Studio Solution File, Format Version 12.00
# Visual Studio Version 17
VisualStudioVersion = 17.9.34728.123
MinimumVisualStudioVersion = 10.0.40219.1
Project("{FAE04EC0-301F-11D3-BF4B-00C04F79EFBC}") = "lab5-zad3", "lab5-zad3\lab5-zad3.csproj", "{5E4DE597-0F6B-4981-9F33-1FC2E6682531}"
EndProject
Project("{FAE04EC0-301F-11D3-BF4B-00C04F79EFBC}") = "Podaci", "Podaci\Podaci.csproj", "{00D7CAF3-E273-40B6-AF54-3F39F1050230}"
EndProject
Global
	GlobalSection(SolutionConfigurationPlatforms) = preSolution
		Debug|Any CPU = Debug|Any CPU
		Release|Any CPU = Release|Any CPU
	EndGlobalSection
	GlobalSection(ProjectConfigurationPlatforms) = postSolution
		{5E4DE597-0F6B-4981-9F33-1FC2E6682531}.Debug|Any CPU.ActiveCfg = Debug|Any CPU
		{5E4DE597-0F6B-4981-9F33-1FC2E6682531}.Debug|Any CPU.Build.0 = Debug|Any CPU
		{5E4DE597-0F6B-4981-9F33-1FC2E6682531}.Release|Any CPU.ActiveCfg = Release|Any CPU
		{5E4DE597-0F6B-4981-9F33-1FC2E6682531}.Release|Any CPU.Build.0 = Release|Any CPU
		{00D7CAF3-E273-40B6-AF54-3F39F1050230}.Debug|Any CPU.ActiveCfg = Debug|Any CPU
		{00D7CAF3-E273-40B6-AF54-3F39F1050230}.Debug|Any CPU.Build.0 = Debug|Any CPU
		{00D7CAF3-E273-40B6-AF54-3F39F1050230}.Release|Any CPU.ActiveCfg = Release|Any CPU
		{00D7CAF3-E273-40B6-AF54-3F39F1050230}.Release|Any CPU.Build.0 = Release|Any CPU
	EndGlobalSection
	GlobalSection(SolutionProperties) = preSolution
		HideSolutionNode = FALSE
	EndGlobalSection
	GlobalSection(ExtensibilityGlobals) = postSolution
		SolutionGuid = {3CCC653C-560C-45D4-ABDF-ED5DC997EDB2}
	EndGlobalSection
EndGlobal
